// !$*UTF8*$!
{
	archiveVersion = 1;
	classes = {
	};
	objectVersion = 46;
	objects = {

/* Begin PBXBuildFile section */
		D010BF9E1DC430A900CA2BE1 /* main.m in Sources */ = {isa = PBXBuildFile; fileRef = D010BF9D1DC430A900CA2BE1 /* main.m */; };
		D010BFA71DC430A900CA2BE1 /* Main.storyboard in Resources */ = {isa = PBXBuildFile; fileRef = D010BFA51DC430A900CA2BE1 /* Main.storyboard */; };
		D010BFA91DC430A900CA2BE1 /* Assets.xcassets in Resources */ = {isa = PBXBuildFile; fileRef = D010BFA81DC430A900CA2BE1 /* Assets.xcassets */; };
		D010BFAC1DC430A900CA2BE1 /* LaunchScreen.storyboard in Resources */ = {isa = PBXBuildFile; fileRef = D010BFAA1DC430A900CA2BE1 /* LaunchScreen.storyboard */; };
		D010BFC31DC430D800CA2BE1 /* AppDelegate.m in Sources */ = {isa = PBXBuildFile; fileRef = D010BFB41DC430D800CA2BE1 /* AppDelegate.m */; };
		D010BFC41DC430D800CA2BE1 /* Circle.m in Sources */ = {isa = PBXBuildFile; fileRef = D010BFB61DC430D800CA2BE1 /* Circle.m */; };
		D010BFC51DC430D800CA2BE1 /* Column.m in Sources */ = {isa = PBXBuildFile; fileRef = D010BFB81DC430D800CA2BE1 /* Column.m */; };
		D010BFC61DC430D800CA2BE1 /* DropCounter.m in Sources */ = {isa = PBXBuildFile; fileRef = D010BFBA1DC430D800CA2BE1 /* DropCounter.m */; };
		D010BFC71DC430D800CA2BE1 /* JMAnimationManager.m in Sources */ = {isa = PBXBuildFile; fileRef = D010BFBC1DC430D800CA2BE1 /* JMAnimationManager.m */; };
		D010BFC81DC430D800CA2BE1 /* JMHelpers.m in Sources */ = {isa = PBXBuildFile; fileRef = D010BFBE1DC430D800CA2BE1 /* JMHelpers.m */; };
		D010BFC91DC430D800CA2BE1 /* UIView+RZViewActions.m in Sources */ = {isa = PBXBuildFile; fileRef = D010BFC01DC430D800CA2BE1 /* UIView+RZViewActions.m */; };
		D010BFCA1DC430D800CA2BE1 /* ViewController.m in Sources */ = {isa = PBXBuildFile; fileRef = D010BFC21DC430D800CA2BE1 /* ViewController.m */; };
		D010BFCD1DC50BD700CA2BE1 /* GameOverViewController.m in Sources */ = {isa = PBXBuildFile; fileRef = D010BFCC1DC50BD700CA2BE1 /* GameOverViewController.m */; };
		D02173071DCC281B00159C77 /* quit_game_highlighted.png in Resources */ = {isa = PBXBuildFile; fileRef = D02173061DCC281B00159C77 /* quit_game_highlighted.png */; };
		D02173091DCC283000159C77 /* quit_game_normal.png in Resources */ = {isa = PBXBuildFile; fileRef = D02173081DCC283000159C77 /* quit_game_normal.png */; };
		D021730C1DCC28A800159C77 /* LeftNavMenuTableViewController.m in Sources */ = {isa = PBXBuildFile; fileRef = D021730B1DCC28A800159C77 /* LeftNavMenuTableViewController.m */; };
		D021730F1DCC2B0100159C77 /* LeftNavMenuTableViewCell.m in Sources */ = {isa = PBXBuildFile; fileRef = D021730E1DCC2B0100159C77 /* LeftNavMenuTableViewCell.m */; };
		D02173121DCC313E00159C77 /* restart_highlighted.png in Resources */ = {isa = PBXBuildFile; fileRef = D02173101DCC313E00159C77 /* restart_highlighted.png */; };
		D02173131DCC313E00159C77 /* restart_normal.png in Resources */ = {isa = PBXBuildFile; fileRef = D02173111DCC313E00159C77 /* restart_normal.png */; };
		D05404C81DC9274C00F356BF /* GridBox.m in Sources */ = {isa = PBXBuildFile; fileRef = D05404C71DC9274C00F356BF /* GridBox.m */; };
		D056A4281DCB76A4009A76CD /* JMGameManager.m in Sources */ = {isa = PBXBuildFile; fileRef = D056A4271DCB76A4009A76CD /* JMGameManager.m */; };
		D0947B361DC58B31005904F5 /* window.png in Resources */ = {isa = PBXBuildFile; fileRef = D0947B351DC58B31005904F5 /* window.png */; };
		D0A12FC31DCA41E30098B9DB /* GameViewController.m in Sources */ = {isa = PBXBuildFile; fileRef = D0A12FC21DCA41E30098B9DB /* GameViewController.m */; };
		D0A12FC51DCA71840098B9DB /* droprxnlogo.png in Resources */ = {isa = PBXBuildFile; fileRef = D0A12FC41DCA71840098B9DB /* droprxnlogo.png */; };
		D0A12FC71DCA77AA0098B9DB /* droprxnLogo_transparent.png in Resources */ = {isa = PBXBuildFile; fileRef = D0A12FC61DCA77AA0098B9DB /* droprxnLogo_transparent.png */; };
		D0A12FC91DCA79000098B9DB /* newgameTransparent.png in Resources */ = {isa = PBXBuildFile; fileRef = D0A12FC81DCA79000098B9DB /* newgameTransparent.png */; };
		D0D4F6C21DCBD2B70029CEA2 /* SWRevealViewController.m in Sources */ = {isa = PBXBuildFile; fileRef = D0D4F6C11DCBD2B70029CEA2 /* SWRevealViewController.m */; };
/* End PBXBuildFile section */

/* Begin PBXFileReference section */
		D010BF991DC430A900CA2BE1 /* DropRxn2.app */ = {isa = PBXFileReference; explicitFileType = wrapper.application; includeInIndex = 0; path = DropRxn2.app; sourceTree = BUILT_PRODUCTS_DIR; };
		D010BF9D1DC430A900CA2BE1 /* main.m */ = {isa = PBXFileReference; lastKnownFileType = sourcecode.c.objc; path = main.m; sourceTree = "<group>"; };
		D010BFA61DC430A900CA2BE1 /* Base */ = {isa = PBXFileReference; lastKnownFileType = file.storyboard; name = Base; path = Base.lproj/Main.storyboard; sourceTree = "<group>"; };
		D010BFA81DC430A900CA2BE1 /* Assets.xcassets */ = {isa = PBXFileReference; lastKnownFileType = folder.assetcatalog; path = Assets.xcassets; sourceTree = "<group>"; };
		D010BFAB1DC430A900CA2BE1 /* Base */ = {isa = PBXFileReference; lastKnownFileType = file.storyboard; name = Base; path = Base.lproj/LaunchScreen.storyboard; sourceTree = "<group>"; };
		D010BFAD1DC430A900CA2BE1 /* Info.plist */ = {isa = PBXFileReference; lastKnownFileType = text.plist.xml; path = Info.plist; sourceTree = "<group>"; };
		D010BFB31DC430D800CA2BE1 /* AppDelegate.h */ = {isa = PBXFileReference; fileEncoding = 4; lastKnownFileType = sourcecode.c.h; path = AppDelegate.h; sourceTree = "<group>"; };
		D010BFB41DC430D800CA2BE1 /* AppDelegate.m */ = {isa = PBXFileReference; fileEncoding = 4; lastKnownFileType = sourcecode.c.objc; path = AppDelegate.m; sourceTree = "<group>"; };
		D010BFB51DC430D800CA2BE1 /* Circle.h */ = {isa = PBXFileReference; fileEncoding = 4; lastKnownFileType = sourcecode.c.h; path = Circle.h; sourceTree = "<group>"; };
		D010BFB61DC430D800CA2BE1 /* Circle.m */ = {isa = PBXFileReference; fileEncoding = 4; lastKnownFileType = sourcecode.c.objc; path = Circle.m; sourceTree = "<group>"; };
		D010BFB71DC430D800CA2BE1 /* Column.h */ = {isa = PBXFileReference; fileEncoding = 4; lastKnownFileType = sourcecode.c.h; path = Column.h; sourceTree = "<group>"; };
		D010BFB81DC430D800CA2BE1 /* Column.m */ = {isa = PBXFileReference; fileEncoding = 4; lastKnownFileType = sourcecode.c.objc; path = Column.m; sourceTree = "<group>"; };
		D010BFB91DC430D800CA2BE1 /* DropCounter.h */ = {isa = PBXFileReference; fileEncoding = 4; lastKnownFileType = sourcecode.c.h; path = DropCounter.h; sourceTree = "<group>"; };
		D010BFBA1DC430D800CA2BE1 /* DropCounter.m */ = {isa = PBXFileReference; fileEncoding = 4; lastKnownFileType = sourcecode.c.objc; path = DropCounter.m; sourceTree = "<group>"; };
		D010BFBB1DC430D800CA2BE1 /* JMAnimationManager.h */ = {isa = PBXFileReference; fileEncoding = 4; lastKnownFileType = sourcecode.c.h; path = JMAnimationManager.h; sourceTree = "<group>"; };
		D010BFBC1DC430D800CA2BE1 /* JMAnimationManager.m */ = {isa = PBXFileReference; fileEncoding = 4; lastKnownFileType = sourcecode.c.objc; path = JMAnimationManager.m; sourceTree = "<group>"; };
		D010BFBD1DC430D800CA2BE1 /* JMHelpers.h */ = {isa = PBXFileReference; fileEncoding = 4; lastKnownFileType = sourcecode.c.h; path = JMHelpers.h; sourceTree = "<group>"; };
		D010BFBE1DC430D800CA2BE1 /* JMHelpers.m */ = {isa = PBXFileReference; fileEncoding = 4; lastKnownFileType = sourcecode.c.objc; path = JMHelpers.m; sourceTree = "<group>"; };
		D010BFBF1DC430D800CA2BE1 /* UIView+RZViewActions.h */ = {isa = PBXFileReference; fileEncoding = 4; lastKnownFileType = sourcecode.c.h; path = "UIView+RZViewActions.h"; sourceTree = "<group>"; };
		D010BFC01DC430D800CA2BE1 /* UIView+RZViewActions.m */ = {isa = PBXFileReference; fileEncoding = 4; lastKnownFileType = sourcecode.c.objc; path = "UIView+RZViewActions.m"; sourceTree = "<group>"; };
		D010BFC11DC430D800CA2BE1 /* ViewController.h */ = {isa = PBXFileReference; fileEncoding = 4; lastKnownFileType = sourcecode.c.h; path = ViewController.h; sourceTree = "<group>"; };
		D010BFC21DC430D800CA2BE1 /* ViewController.m */ = {isa = PBXFileReference; fileEncoding = 4; lastKnownFileType = sourcecode.c.objc; path = ViewController.m; sourceTree = "<group>"; };
		D010BFCB1DC50BD700CA2BE1 /* GameOverViewController.h */ = {isa = PBXFileReference; fileEncoding = 4; lastKnownFileType = sourcecode.c.h; path = GameOverViewController.h; sourceTree = "<group>"; };
		D010BFCC1DC50BD700CA2BE1 /* GameOverViewController.m */ = {isa = PBXFileReference; fileEncoding = 4; lastKnownFileType = sourcecode.c.objc; path = GameOverViewController.m; sourceTree = "<group>"; };
		D02173061DCC281B00159C77 /* quit_game_highlighted.png */ = {isa = PBXFileReference; lastKnownFileType = image.png; path = quit_game_highlighted.png; sourceTree = "<group>"; };
		D02173081DCC283000159C77 /* quit_game_normal.png */ = {isa = PBXFileReference; lastKnownFileType = image.png; path = quit_game_normal.png; sourceTree = "<group>"; };
		D021730A1DCC28A800159C77 /* LeftNavMenuTableViewController.h */ = {isa = PBXFileReference; fileEncoding = 4; lastKnownFileType = sourcecode.c.h; path = LeftNavMenuTableViewController.h; sourceTree = "<group>"; };
		D021730B1DCC28A800159C77 /* LeftNavMenuTableViewController.m */ = {isa = PBXFileReference; fileEncoding = 4; lastKnownFileType = sourcecode.c.objc; path = LeftNavMenuTableViewController.m; sourceTree = "<group>"; };
		D021730D1DCC2B0100159C77 /* LeftNavMenuTableViewCell.h */ = {isa = PBXFileReference; fileEncoding = 4; lastKnownFileType = sourcecode.c.h; path = LeftNavMenuTableViewCell.h; sourceTree = "<group>"; };
		D021730E1DCC2B0100159C77 /* LeftNavMenuTableViewCell.m */ = {isa = PBXFileReference; fileEncoding = 4; lastKnownFileType = sourcecode.c.objc; path = LeftNavMenuTableViewCell.m; sourceTree = "<group>"; };
		D02173101DCC313E00159C77 /* restart_highlighted.png */ = {isa = PBXFileReference; lastKnownFileType = image.png; path = restart_highlighted.png; sourceTree = "<group>"; };
		D02173111DCC313E00159C77 /* restart_normal.png */ = {isa = PBXFileReference; lastKnownFileType = image.png; path = restart_normal.png; sourceTree = "<group>"; };
		D05404C61DC9274C00F356BF /* GridBox.h */ = {isa = PBXFileReference; fileEncoding = 4; lastKnownFileType = sourcecode.c.h; path = GridBox.h; sourceTree = "<group>"; };
		D05404C71DC9274C00F356BF /* GridBox.m */ = {isa = PBXFileReference; fileEncoding = 4; lastKnownFileType = sourcecode.c.objc; path = GridBox.m; sourceTree = "<group>"; };
		D056A4261DCB76A4009A76CD /* JMGameManager.h */ = {isa = PBXFileReference; fileEncoding = 4; lastKnownFileType = sourcecode.c.h; path = JMGameManager.h; sourceTree = "<group>"; };
		D056A4271DCB76A4009A76CD /* JMGameManager.m */ = {isa = PBXFileReference; fileEncoding = 4; lastKnownFileType = sourcecode.c.objc; path = JMGameManager.m; sourceTree = "<group>"; };
		D0947B351DC58B31005904F5 /* window.png */ = {isa = PBXFileReference; lastKnownFileType = image.png; path = window.png; sourceTree = "<group>"; };
		D0A12FC11DCA41E30098B9DB /* GameViewController.h */ = {isa = PBXFileReference; fileEncoding = 4; lastKnownFileType = sourcecode.c.h; path = GameViewController.h; sourceTree = "<group>"; };
		D0A12FC21DCA41E30098B9DB /* GameViewController.m */ = {isa = PBXFileReference; fileEncoding = 4; lastKnownFileType = sourcecode.c.objc; path = GameViewController.m; sourceTree = "<group>"; };
		D0A12FC41DCA71840098B9DB /* droprxnlogo.png */ = {isa = PBXFileReference; lastKnownFileType = image.png; path = droprxnlogo.png; sourceTree = "<group>"; };
		D0A12FC61DCA77AA0098B9DB /* droprxnLogo_transparent.png */ = {isa = PBXFileReference; lastKnownFileType = image.png; path = droprxnLogo_transparent.png; sourceTree = "<group>"; };
		D0A12FC81DCA79000098B9DB /* newgameTransparent.png */ = {isa = PBXFileReference; lastKnownFileType = image.png; path = newgameTransparent.png; sourceTree = "<group>"; };
		D0D4F6C01DCBD2B70029CEA2 /* SWRevealViewController.h */ = {isa = PBXFileReference; fileEncoding = 4; lastKnownFileType = sourcecode.c.h; path = SWRevealViewController.h; sourceTree = "<group>"; };
		D0D4F6C11DCBD2B70029CEA2 /* SWRevealViewController.m */ = {isa = PBXFileReference; fileEncoding = 4; lastKnownFileType = sourcecode.c.objc; path = SWRevealViewController.m; sourceTree = "<group>"; };
/* End PBXFileReference section */

/* Begin PBXFrameworksBuildPhase section */
		D010BF961DC430A900CA2BE1 /* Frameworks */ = {
			isa = PBXFrameworksBuildPhase;
			buildActionMask = 2147483647;
			files = (
			);
			runOnlyForDeploymentPostprocessing = 0;
		};
/* End PBXFrameworksBuildPhase section */

/* Begin PBXGroup section */
		D010BF901DC430A900CA2BE1 = {
			isa = PBXGroup;
			children = (
				D010BF9B1DC430A900CA2BE1 /* DropRxn2 */,
				D010BF9A1DC430A900CA2BE1 /* Products */,
			);
			sourceTree = "<group>";
		};
		D010BF9A1DC430A900CA2BE1 /* Products */ = {
			isa = PBXGroup;
			children = (
				D010BF991DC430A900CA2BE1 /* DropRxn2.app */,
			);
			name = Products;
			sourceTree = "<group>";
		};
		D010BF9B1DC430A900CA2BE1 /* DropRxn2 */ = {
			isa = PBXGroup;
			children = (
				D010BFB31DC430D800CA2BE1 /* AppDelegate.h */,
				D021730A1DCC28A800159C77 /* LeftNavMenuTableViewController.h */,
				D021730B1DCC28A800159C77 /* LeftNavMenuTableViewController.m */,
				D010BFB41DC430D800CA2BE1 /* AppDelegate.m */,
				D010BFB51DC430D800CA2BE1 /* Circle.h */,
				D010BFB61DC430D800CA2BE1 /* Circle.m */,
				D010BFB71DC430D800CA2BE1 /* Column.h */,
				D010BFB81DC430D800CA2BE1 /* Column.m */,
				D010BFB91DC430D800CA2BE1 /* DropCounter.h */,
				D010BFBA1DC430D800CA2BE1 /* DropCounter.m */,
				D010BFBB1DC430D800CA2BE1 /* JMAnimationManager.h */,
				D010BFBC1DC430D800CA2BE1 /* JMAnimationManager.m */,
				D010BFBD1DC430D800CA2BE1 /* JMHelpers.h */,
				D010BFBE1DC430D800CA2BE1 /* JMHelpers.m */,
				D010BFBF1DC430D800CA2BE1 /* UIView+RZViewActions.h */,
				D010BFC01DC430D800CA2BE1 /* UIView+RZViewActions.m */,
				D010BFC11DC430D800CA2BE1 /* ViewController.h */,
				D010BFC21DC430D800CA2BE1 /* ViewController.m */,
				D0A12FC11DCA41E30098B9DB /* GameViewController.h */,
				D0A12FC21DCA41E30098B9DB /* GameViewController.m */,
				D056A4261DCB76A4009A76CD /* JMGameManager.h */,
				D056A4271DCB76A4009A76CD /* JMGameManager.m */,
				D010BFCB1DC50BD700CA2BE1 /* GameOverViewController.h */,
				D010BFCC1DC50BD700CA2BE1 /* GameOverViewController.m */,
				D0D4F6C01DCBD2B70029CEA2 /* SWRevealViewController.h */,
				D0D4F6C11DCBD2B70029CEA2 /* SWRevealViewController.m */,
				D02173101DCC313E00159C77 /* restart_highlighted.png */,
				D02173111DCC313E00159C77 /* restart_normal.png */,
				D02173081DCC283000159C77 /* quit_game_normal.png */,
				D02173061DCC281B00159C77 /* quit_game_highlighted.png */,
				D0947B351DC58B31005904F5 /* window.png */,
				D0A12FC61DCA77AA0098B9DB /* droprxnLogo_transparent.png */,
				D0A12FC41DCA71840098B9DB /* droprxnlogo.png */,
				D0A12FC81DCA79000098B9DB /* newgameTransparent.png */,
				D010BFA51DC430A900CA2BE1 /* Main.storyboard */,
				D010BFA81DC430A900CA2BE1 /* Assets.xcassets */,
				D010BFAA1DC430A900CA2BE1 /* LaunchScreen.storyboard */,
				D010BFAD1DC430A900CA2BE1 /* Info.plist */,
				D010BF9C1DC430A900CA2BE1 /* Supporting Files */,
				D05404C61DC9274C00F356BF /* GridBox.h */,
				D05404C71DC9274C00F356BF /* GridBox.m */,
				D021730D1DCC2B0100159C77 /* LeftNavMenuTableViewCell.h */,
				D021730E1DCC2B0100159C77 /* LeftNavMenuTableViewCell.m */,
			);
			path = DropRxn2;
			sourceTree = "<group>";
		};
		D010BF9C1DC430A900CA2BE1 /* Supporting Files */ = {
			isa = PBXGroup;
			children = (
				D010BF9D1DC430A900CA2BE1 /* main.m */,
			);
			name = "Supporting Files";
			sourceTree = "<group>";
		};
/* End PBXGroup section */

/* Begin PBXNativeTarget section */
		D010BF981DC430A900CA2BE1 /* DropRxn2 */ = {
			isa = PBXNativeTarget;
			buildConfigurationList = D010BFB01DC430A900CA2BE1 /* Build configuration list for PBXNativeTarget "DropRxn2" */;
			buildPhases = (
				D010BF951DC430A900CA2BE1 /* Sources */,
				D010BF961DC430A900CA2BE1 /* Frameworks */,
				D010BF971DC430A900CA2BE1 /* Resources */,
			);
			buildRules = (
			);
			dependencies = (
			);
			name = DropRxn2;
			productName = DropRxn2;
			productReference = D010BF991DC430A900CA2BE1 /* DropRxn2.app */;
			productType = "com.apple.product-type.application";
		};
/* End PBXNativeTarget section */

/* Begin PBXProject section */
		D010BF911DC430A900CA2BE1 /* Project object */ = {
			isa = PBXProject;
			attributes = {
				LastUpgradeCheck = 0730;
				ORGANIZATIONNAME = "James Mundie";
				TargetAttributes = {
					D010BF981DC430A900CA2BE1 = {
						CreatedOnToolsVersion = 7.3.1;
						DevelopmentTeam = T5JN8MWYG8;
					};
				};
			};
			buildConfigurationList = D010BF941DC430A900CA2BE1 /* Build configuration list for PBXProject "DropRxn2" */;
			compatibilityVersion = "Xcode 3.2";
			developmentRegion = English;
			hasScannedForEncodings = 0;
			knownRegions = (
				en,
				Base,
			);
			mainGroup = D010BF901DC430A900CA2BE1;
			productRefGroup = D010BF9A1DC430A900CA2BE1 /* Products */;
			projectDirPath = "";
			projectRoot = "";
			targets = (
				D010BF981DC430A900CA2BE1 /* DropRxn2 */,
			);
		};
/* End PBXProject section */

/* Begin PBXResourcesBuildPhase section */
		D010BF971DC430A900CA2BE1 /* Resources */ = {
			isa = PBXResourcesBuildPhase;
			buildActionMask = 2147483647;
			files = (
				D02173071DCC281B00159C77 /* quit_game_highlighted.png in Resources */,
				D02173091DCC283000159C77 /* quit_game_normal.png in Resources */,
				D0A12FC91DCA79000098B9DB /* newgameTransparent.png in Resources */,
				D010BFAC1DC430A900CA2BE1 /* LaunchScreen.storyboard in Resources */,
				D02173131DCC313E00159C77 /* restart_normal.png in Resources */,
				D0947B361DC58B31005904F5 /* window.png in Resources */,
				D010BFA91DC430A900CA2BE1 /* Assets.xcassets in Resources */,
				D0A12FC71DCA77AA0098B9DB /* droprxnLogo_transparent.png in Resources */,
				D02173121DCC313E00159C77 /* restart_highlighted.png in Resources */,
				D010BFA71DC430A900CA2BE1 /* Main.storyboard in Resources */,
				D0A12FC51DCA71840098B9DB /* droprxnlogo.png in Resources */,
			);
			runOnlyForDeploymentPostprocessing = 0;
		};
/* End PBXResourcesBuildPhase section */

/* Begin PBXSourcesBuildPhase section */
		D010BF951DC430A900CA2BE1 /* Sources */ = {
			isa = PBXSourcesBuildPhase;
			buildActionMask = 2147483647;
			files = (
				D056A4281DCB76A4009A76CD /* JMGameManager.m in Sources */,
				D010BFCA1DC430D800CA2BE1 /* ViewController.m in Sources */,
				D010BFC41DC430D800CA2BE1 /* Circle.m in Sources */,
				D010BFC81DC430D800CA2BE1 /* JMHelpers.m in Sources */,
				D010BFC51DC430D800CA2BE1 /* Column.m in Sources */,
				D0A12FC31DCA41E30098B9DB /* GameViewController.m in Sources */,
				D010BFC31DC430D800CA2BE1 /* AppDelegate.m in Sources */,
				D0D4F6C21DCBD2B70029CEA2 /* SWRevealViewController.m in Sources */,
				D010BFC61DC430D800CA2BE1 /* DropCounter.m in Sources */,
				D021730C1DCC28A800159C77 /* LeftNavMenuTableViewController.m in Sources */,
				D010BFC91DC430D800CA2BE1 /* UIView+RZViewActions.m in Sources */,
				D010BF9E1DC430A900CA2BE1 /* main.m in Sources */,
				D05404C81DC9274C00F356BF /* GridBox.m in Sources */,
				D021730F1DCC2B0100159C77 /* LeftNavMenuTableViewCell.m in Sources */,
				D010BFCD1DC50BD700CA2BE1 /* GameOverViewController.m in Sources */,
				D010BFC71DC430D800CA2BE1 /* JMAnimationManager.m in Sources */,
			);
			runOnlyForDeploymentPostprocessing = 0;
		};
/* End PBXSourcesBuildPhase section */

/* Begin PBXVariantGroup section */
		D010BFA51DC430A900CA2BE1 /* Main.storyboard */ = {
			isa = PBXVariantGroup;
			children = (
				D010BFA61DC430A900CA2BE1 /* Base */,
			);
			name = Main.storyboard;
			sourceTree = "<group>";
		};
		D010BFAA1DC430A900CA2BE1 /* LaunchScreen.storyboard */ = {
			isa = PBXVariantGroup;
			children = (
				D010BFAB1DC430A900CA2BE1 /* Base */,
			);
			name = LaunchScreen.storyboard;
			sourceTree = "<group>";
		};
/* End PBXVariantGroup section */

/* Begin XCBuildConfiguration section */
		D010BFAE1DC430A900CA2BE1 /* Debug */ = {
			isa = XCBuildConfiguration;
			buildSettings = {
				ALWAYS_SEARCH_USER_PATHS = NO;
				CLANG_ANALYZER_NONNULL = YES;
				CLANG_CXX_LANGUAGE_STANDARD = "gnu++0x";
				CLANG_CXX_LIBRARY = "libc++";
				CLANG_ENABLE_MODULES = YES;
				CLANG_ENABLE_OBJC_ARC = YES;
				CLANG_WARN_BOOL_CONVERSION = YES;
				CLANG_WARN_CONSTANT_CONVERSION = YES;
				CLANG_WARN_DIRECT_OBJC_ISA_USAGE = YES_ERROR;
				CLANG_WARN_EMPTY_BODY = YES;
				CLANG_WARN_ENUM_CONVERSION = YES;
				CLANG_WARN_INT_CONVERSION = YES;
				CLANG_WARN_OBJC_ROOT_CLASS = YES_ERROR;
				CLANG_WARN_UNREACHABLE_CODE = YES;
				CLANG_WARN__DUPLICATE_METHOD_MATCH = YES;
				"CODE_SIGN_IDENTITY[sdk=iphoneos*]" = "iPhone Developer";
				COPY_PHASE_STRIP = NO;
				DEBUG_INFORMATION_FORMAT = dwarf;
				ENABLE_STRICT_OBJC_MSGSEND = YES;
				ENABLE_TESTABILITY = YES;
				GCC_C_LANGUAGE_STANDARD = gnu99;
				GCC_DYNAMIC_NO_PIC = NO;
				GCC_NO_COMMON_BLOCKS = YES;
				GCC_OPTIMIZATION_LEVEL = 0;
				GCC_PREPROCESSOR_DEFINITIONS = (
					"DEBUG=1",
					"$(inherited)",
				);
				GCC_WARN_64_TO_32_BIT_CONVERSION = YES;
				GCC_WARN_ABOUT_RETURN_TYPE = YES_ERROR;
				GCC_WARN_UNDECLARED_SELECTOR = YES;
				GCC_WARN_UNINITIALIZED_AUTOS = YES_AGGRESSIVE;
				GCC_WARN_UNUSED_FUNCTION = YES;
				GCC_WARN_UNUSED_VARIABLE = YES;
				IPHONEOS_DEPLOYMENT_TARGET = 9.3;
				MTL_ENABLE_DEBUG_INFO = YES;
				ONLY_ACTIVE_ARCH = YES;
				SDKROOT = iphoneos;
				TARGETED_DEVICE_FAMILY = "1,2";
			};
			name = Debug;
		};
		D010BFAF1DC430A900CA2BE1 /* Release */ = {
			isa = XCBuildConfiguration;
			buildSettings = {
				ALWAYS_SEARCH_USER_PATHS = NO;
				CLANG_ANALYZER_NONNULL = YES;
				CLANG_CXX_LANGUAGE_STANDARD = "gnu++0x";
				CLANG_CXX_LIBRARY = "libc++";
				CLANG_ENABLE_MODULES = YES;
				CLANG_ENABLE_OBJC_ARC = YES;
				CLANG_WARN_BOOL_CONVERSION = YES;
				CLANG_WARN_CONSTANT_CONVERSION = YES;
				CLANG_WARN_DIRECT_OBJC_ISA_USAGE = YES_ERROR;
				CLANG_WARN_EMPTY_BODY = YES;
				CLANG_WARN_ENUM_CONVERSION = YES;
				CLANG_WARN_INT_CONVERSION = YES;
				CLANG_WARN_OBJC_ROOT_CLASS = YES_ERROR;
				CLANG_WARN_UNREACHABLE_CODE = YES;
				CLANG_WARN__DUPLICATE_METHOD_MATCH = YES;
				"CODE_SIGN_IDENTITY[sdk=iphoneos*]" = "iPhone Developer";
				COPY_PHASE_STRIP = NO;
				DEBUG_INFORMATION_FORMAT = "dwarf-with-dsym";
				ENABLE_NS_ASSERTIONS = NO;
				ENABLE_STRICT_OBJC_MSGSEND = YES;
				GCC_C_LANGUAGE_STANDARD = gnu99;
				GCC_NO_COMMON_BLOCKS = YES;
				GCC_WARN_64_TO_32_BIT_CONVERSION = YES;
				GCC_WARN_ABOUT_RETURN_TYPE = YES_ERROR;
				GCC_WARN_UNDECLARED_SELECTOR = YES;
				GCC_WARN_UNINITIALIZED_AUTOS = YES_AGGRESSIVE;
				GCC_WARN_UNUSED_FUNCTION = YES;
				GCC_WARN_UNUSED_VARIABLE = YES;
				IPHONEOS_DEPLOYMENT_TARGET = 9.3;
				MTL_ENABLE_DEBUG_INFO = NO;
				SDKROOT = iphoneos;
				TARGETED_DEVICE_FAMILY = "1,2";
				VALIDATE_PRODUCT = YES;
			};
			name = Release;
		};
		D010BFB11DC430A900CA2BE1 /* Debug */ = {
			isa = XCBuildConfiguration;
			buildSettings = {
				ASSETCATALOG_COMPILER_APPICON_NAME = AppIcon;
				DEVELOPMENT_TEAM = T5JN8MWYG8;
				INFOPLIST_FILE = DropRxn2/Info.plist;
				LD_RUNPATH_SEARCH_PATHS = "$(inherited) @executable_path/Frameworks";
				PRODUCT_BUNDLE_IDENTIFIER = com.mundie.DropRxn2;
				PRODUCT_NAME = "$(TARGET_NAME)";
			};
			name = Debug;
		};
		D010BFB21DC430A900CA2BE1 /* Release */ = {
			isa = XCBuildConfiguration;
			buildSettings = {
				ASSETCATALOG_COMPILER_APPICON_NAME = AppIcon;
				DEVELOPMENT_TEAM = T5JN8MWYG8;
				INFOPLIST_FILE = DropRxn2/Info.plist;
				LD_RUNPATH_SEARCH_PATHS = "$(inherited) @executable_path/Frameworks";
				PRODUCT_BUNDLE_IDENTIFIER = com.mundie.DropRxn2;
				PRODUCT_NAME = "$(TARGET_NAME)";
			};
			name = Release;
		};
/* End XCBuildConfiguration section */

/* Begin XCConfigurationList section */
		D010BF941DC430A900CA2BE1 /* Build configuration list for PBXProject "DropRxn2" */ = {
			isa = XCConfigurationList;
			buildConfigurations = (
				D010BFAE1DC430A900CA2BE1 /* Debug */,
				D010BFAF1DC430A900CA2BE1 /* Release */,
			);
			defaultConfigurationIsVisible = 0;
			defaultConfigurationName = Release;
		};
		D010BFB01DC430A900CA2BE1 /* Build configuration list for PBXNativeTarget "DropRxn2" */ = {
			isa = XCConfigurationList;
			buildConfigurations = (
				D010BFB11DC430A900CA2BE1 /* Debug */,
				D010BFB21DC430A900CA2BE1 /* Release */,
			);
			defaultConfigurationIsVisible = 0;
			defaultConfigurationName = Release;
		};
/* End XCConfigurationList section */
	};
	rootObject = D010BF911DC430A900CA2BE1 /* Project object */;
}
